
Microsoft Visual Studio Solution File, Format Version 12.00
# Visual Studio Version 17
VisualStudioVersion = 17.10.35013.160
MinimumVisualStudioVersion = 10.0.40219.1
Project("{FAE04EC0-301F-11D3-BF4B-00C04F79EFBC}") = "GurkSucksCock", "GurkSucksCock\GurkSucksCock.csproj", "{2677D41D-A897-4983-9CB8-3E18D765358B}"
EndProject
Global
	GlobalSection(SolutionConfigurationPlatforms) = preSolution
		Debug|Any CPU = Debug|Any CPU
		Release|Any CPU = Release|Any CPU
	EndGlobalSection
	GlobalSection(ProjectConfigurationPlatforms) = postSolution
		{2677D41D-A897-4983-9CB8-3E18D765358B}.Debug|Any CPU.ActiveCfg = Debug|Any CPU
		{2677D41D-A897-4983-9CB8-3E18D765358B}.Debug|Any CPU.Build.0 = Debug|Any CPU
		{2677D41D-A897-4983-9CB8-3E18D765358B}.Release|Any CPU.ActiveCfg = Release|Any CPU
		{2677D41D-A897-4983-9CB8-3E18D765358B}.Release|Any CPU.Build.0 = Release|Any CPU
	EndGlobalSection
	GlobalSection(SolutionProperties) = preSolution
		HideSolutionNode = FALSE
	EndGlobalSection
	GlobalSection(ExtensibilityGlobals) = postSolution
		SolutionGuid = {A8D7B0E2-7E96-49AB-B9FB-B22FD54A9B31}
	EndGlobalSection
EndGlobal
